
Microsoft Visual Studio Solution File, Format Version 12.00
# Visual Studio Version 17
VisualStudioVersion = 17.10.35027.167
MinimumVisualStudioVersion = 10.0.40219.1
Project("{FAE04EC0-301F-11D3-BF4B-00C04F79EFBC}") = "QuizApp [OOP Project]", "QuizApp [OOP Project]\QuizApp [OOP Project].csproj", "{B02D8D40-F927-4530-B2A1-1A3CB7DAB308}"
EndProject
Global
	GlobalSection(SolutionConfigurationPlatforms) = preSolution
		Debug|Any CPU = Debug|Any CPU
		Release|Any CPU = Release|Any CPU
	EndGlobalSection
	GlobalSection(ProjectConfigurationPlatforms) = postSolution
		{B02D8D40-F927-4530-B2A1-1A3CB7DAB308}.Debug|Any CPU.ActiveCfg = Debug|Any CPU
		{B02D8D40-F927-4530-B2A1-1A3CB7DAB308}.Debug|Any CPU.Build.0 = Debug|Any CPU
		{B02D8D40-F927-4530-B2A1-1A3CB7DAB308}.Release|Any CPU.ActiveCfg = Release|Any CPU
		{B02D8D40-F927-4530-B2A1-1A3CB7DAB308}.Release|Any CPU.Build.0 = Release|Any CPU
	EndGlobalSection
	GlobalSection(SolutionProperties) = preSolution
		HideSolutionNode = FALSE
	EndGlobalSection
	GlobalSection(ExtensibilityGlobals) = postSolution
		SolutionGuid = {30CBA2BA-02A0-49AE-8D3D-02D8910EF411}
	EndGlobalSection
EndGlobal
